<?xml version="1.0" encoding="utf-8"?>
<Project ToolsVersion="4.0" xmlns="http://schemas.microsoft.com/developer/msbuild/2003">
  <ItemGroup>
    <Filter Include="Source Files">
      <UniqueIdentifier>{4FC737F1-C7A5-4376-A066-2A32D752A2FF}</UniqueIdentifier>
      <Extensions>cpp;c;cc;cxx;def;odl;idl;hpj;bat;asm;asmx</Extensions>
    </Filter>
    <Filter Include="Header Files">
      <UniqueIdentifier>{93995380-89BD-4b04-88EB-625FBE52EBFB}</UniqueIdentifier>
      <Extensions>h;hh;hpp;hxx;hm;inl;inc;xsd</Extensions>
    </Filter>
    <Filter Include="Resource Files">
      <UniqueIdentifier>{67DA6AB6-F800-4c08-8B7A-83BB121AAD01}</UniqueIdentifier>
      <Extensions>rc;ico;cur;bmp;dlg;rc2;rct;bin;rgs;gif;jpg;jpeg;jpe;resx;tiff;tif;png;wav;mfcribbon-ms</Extensions>
    </Filter>
  </ItemGroup>
  <ItemGroup>
    <ClCompile Include="render\render.cpp">
      <Filter>Source Files</Filter>
    </ClCompile>
    <ClCompile Include="render\view.cpp">
      <Filter>Source Files</Filter>
    </ClCompile>
    <ClCompile Include="program\main.cpp">
      <Filter>Source Files</Filter>
    </ClCompile>
    <ClCompile Include="program\coreTest.cpp">
      <Filter>Source Files</Filter>
    </ClCompile>
    <ClCompile Include="model\simdMesh.cpp">
      <Filter>Source Files</Filter>
    </ClCompile>
    <ClCompile Include="renderWindow\renderWindow.cpp">
      <Filter>Source Files</Filter>
    </ClCompile>
    <ClCompile Include="mainWindow\mainWindow.cpp">
      <Filter>Source Files</Filter>
    </ClCompile>
    <ClCompile Include="model\polyOctree.cpp">
      <Filter>Source Files</Filter>
    </ClCompile>
    <ClCompile Include="model\polyOctree.Node.cpp">
      <Filter>Source Files</Filter>
    </ClCompile>
    <ClCompile Include="model\polyOctree.Node.Raytracing.cpp">
      <Filter>Source Files</Filter>
    </ClCompile>
    <ClCompile Include="OBVH\OBHV.cpp">
      <Filter>Source Files</Filter>
    </ClCompile>
    <ClCompile Include="OBVH\OBVH.tracing..cpp">
      <Filter>Source Files</Filter>
    </ClCompile>
    <ClCompile Include="render\render.obvh.cpp">
      <Filter>Source Files</Filter>
    </ClCompile>
    <ClCompile Include="OBVH\OBVH.tracing.iterative.cpp">
      <Filter>Source Files</Filter>
    </ClCompile>
    <ClCompile Include="render\render.worker.cpp">
      <Filter>Source Files</Filter>
    </ClCompile>
    <ClCompile Include="pointCloud\pointCloud.cpp">
      <Filter>Source Files</Filter>
    </ClCompile>
    <ClCompile Include="pointCloud\pointOctree.cpp">
      <Filter>Source Files</Filter>
    </ClCompile>
    <ClCompile Include="pointCloud\PointOctree.Node.cpp">
      <Filter>Source Files</Filter>
    </ClCompile>
    <ClCompile Include="PBVH\PBVH.tracing.itereative.cpp">
      <Filter>Source Files</Filter>
    </ClCompile>
    <ClCompile Include="render\render.pbvh.cpp">
      <Filter>Source Files</Filter>
    </ClCompile>
    <ClCompile Include="PBVH\PBVH.cpp">
      <Filter>Source Files</Filter>
    </ClCompile>
    <ClCompile Include="render\renderTask.cpp">
      <Filter>Source Files</Filter>
    </ClCompile>
    <ClCompile Include="render\msRenderTask.cpp">
      <Filter>Source Files</Filter>
    </ClCompile>
    <ClCompile Include="controller\controller.cpp">
      <Filter>Source Files</Filter>
    </ClCompile>
    <ClCompile Include="controller\controller.render.cpp">
      <Filter>Source Files</Filter>
    </ClCompile>
    <ClCompile Include="render\subRenderTask.cpp">
      <Filter>Source Files</Filter>
    </ClCompile>
    <ClCompile Include="storage\storage.cpp">
      <Filter>Source Files</Filter>
    </ClCompile>
  </ItemGroup>
  <ItemGroup>
    <ClInclude Include="render\render.h">
      <Filter>Header Files</Filter>
    </ClInclude>
    <ClInclude Include="render\view.h">
      <Filter>Header Files</Filter>
    </ClInclude>
    <ClInclude Include="program\main.h">
      <Filter>Header Files</Filter>
    </ClInclude>
    <ClInclude Include="program\coreTest.h">
      <Filter>Header Files</Filter>
    </ClInclude>
    <ClInclude Include="model\simdMesh.h">
      <Filter>Header Files</Filter>
    </ClInclude>
    <ClInclude Include="renderWindow\renderWindow.h">
      <Filter>Header Files</Filter>
    </ClInclude>
    <ClInclude Include="mainWindow\mainWindow.h">
      <Filter>Header Files</Filter>
    </ClInclude>
    <ClInclude Include="model\polyOctree.h">
      <Filter>Header Files</Filter>
    </ClInclude>
    <ClInclude Include="OBVH\OBVH.h">
      <Filter>Header Files</Filter>
    </ClInclude>
    <ClInclude Include="pointCloud\pointCloud.h">
      <Filter>Header Files</Filter>
    </ClInclude>
    <ClInclude Include="pointCloud\pointOctree.h">
      <Filter>Header Files</Filter>
    </ClInclude>
    <ClInclude Include="PBVH\PBVH.h">
      <Filter>Header Files</Filter>
    </ClInclude>
    <ClInclude Include="render\renderTask.h">
      <Filter>Header Files</Filter>
    </ClInclude>
    <ClInclude Include="render\msRenderTask.h">
      <Filter>Header Files</Filter>
    </ClInclude>
    <ClInclude Include="controller\controller.h">
      <Filter>Header Files</Filter>
    </ClInclude>
    <ClInclude Include="render\subRenderTask.h">
      <Filter>Header Files</Filter>
    </ClInclude>
    <ClInclude Include="storage\storage.h">
      <Filter>Header Files</Filter>
    </ClInclude>
  </ItemGroup>
  <ItemGroup>
    <None Include="main" />
    <None Include="packages.config" />
  </ItemGroup>
</Project>